// !$*UTF8*$!
{
	archiveVersion = 1;
	classes = {
	};
	objectVersion = 48;
	objects = {

/* Begin PBXBuildFile section */
		2438A6BA1F8584E800B76B59 /* AppDelegate.swift in Sources */ = {isa = PBXBuildFile; fileRef = 2438A6B91F8584E800B76B59 /* AppDelegate.swift */; };
		2438A6BC1F8584E800B76B59 /* art.scnassets in Resources */ = {isa = PBXBuildFile; fileRef = 2438A6BB1F8584E800B76B59 /* art.scnassets */; };
		2438A6BE1F8584E800B76B59 /* GameViewController.swift in Sources */ = {isa = PBXBuildFile; fileRef = 2438A6BD1F8584E800B76B59 /* GameViewController.swift */; };
		2438A6C31F8584E800B76B59 /* Assets.xcassets in Resources */ = {isa = PBXBuildFile; fileRef = 2438A6C21F8584E800B76B59 /* Assets.xcassets */; };
		2438A6C61F8584E800B76B59 /* LaunchScreen.storyboard in Resources */ = {isa = PBXBuildFile; fileRef = 2438A6C41F8584E800B76B59 /* LaunchScreen.storyboard */; };
		2438A6D11F8584E800B76B59 /* capstoneAppTests.swift in Sources */ = {isa = PBXBuildFile; fileRef = 2438A6D01F8584E800B76B59 /* capstoneAppTests.swift */; };
		2438A6DC1F8584E800B76B59 /* capstoneAppUITests.swift in Sources */ = {isa = PBXBuildFile; fileRef = 2438A6DB1F8584E800B76B59 /* capstoneAppUITests.swift */; };
		2447D1411FB66AD800CB3F68 /* extensions.swift in Sources */ = {isa = PBXBuildFile; fileRef = 2447D1401FB66AD800CB3F68 /* extensions.swift */; };
		2447D1631FB6794B00CB3F68 /* Nunito  in Resources */ = {isa = PBXBuildFile; fileRef = 2447D1621FB6794800CB3F68 /* Nunito  */; };
		2447D1651FB6796F00CB3F68 /* Nunito-Bold.ttf in Resources */ = {isa = PBXBuildFile; fileRef = 2447D1641FB6796F00CB3F68 /* Nunito-Bold.ttf */; };
		2447D16B1FB679C600CB3F68 /* Nunito-Regular.ttf in Resources */ = {isa = PBXBuildFile; fileRef = 2447D16A1FB679C500CB3F68 /* Nunito-Regular.ttf */; };
		2447D16D1FB679DE00CB3F68 /* Nunito-SemiBold.ttf in Resources */ = {isa = PBXBuildFile; fileRef = 2447D16C1FB679DE00CB3F68 /* Nunito-SemiBold.ttf */; };
		245AA3541FA0021C0011F723 /* Foods.swift in Sources */ = {isa = PBXBuildFile; fileRef = 245AA3531FA0021C0011F723 /* Foods.swift */; };
		248DE2491FCF51AF005E6057 /* Request.swift in Sources */ = {isa = PBXBuildFile; fileRef = 248DE2481FCF51AF005E6057 /* Request.swift */; };
		248DE24B1FDE0B2D005E6057 /* RequestHelper.swift in Sources */ = {isa = PBXBuildFile; fileRef = 248DE24A1FDE0B2D005E6057 /* RequestHelper.swift */; };
		24A2BD5A1F86981C00FD94A5 /* Object.swift in Sources */ = {isa = PBXBuildFile; fileRef = 24A2BD591F86981C00FD94A5 /* Object.swift */; };
		98269CE8200E96D300EE9CB7 /* pop.mp3 in Resources */ = {isa = PBXBuildFile; fileRef = 98269CE7200E96D300EE9CB7 /* pop.mp3 */; };
		98269CEA200E96DF00EE9CB7 /* swoosh.mp3 in Resources */ = {isa = PBXBuildFile; fileRef = 98269CE9200E96DE00EE9CB7 /* swoosh.mp3 */; };
		98269CF8200EAF1500EE9CB7 /* backgroundSong.mp3 in Resources */ = {isa = PBXBuildFile; fileRef = 98269CF7200EAF1500EE9CB7 /* backgroundSong.mp3 */; };
		984C5B431F86BFBF0060D3FC /* HomeScreenViewController.swift in Sources */ = {isa = PBXBuildFile; fileRef = 984C5B421F86BFBF0060D3FC /* HomeScreenViewController.swift */; };
		987D4736200D4F8D001CF8DC /* InstructionsView.swift in Sources */ = {isa = PBXBuildFile; fileRef = 987D4735200D4F8D001CF8DC /* InstructionsView.swift */; };
		989C2A2C20041D7000C738BF /* successSound.mp3 in Resources */ = {isa = PBXBuildFile; fileRef = 989C2A2B20041D7000C738BF /* successSound.mp3 */; };
		989C2A2E2004245E00C738BF /* mistakeSound.mp3 in Resources */ = {isa = PBXBuildFile; fileRef = 989C2A2D2004245E00C738BF /* mistakeSound.mp3 */; };
		989C2A322004294500C738BF /* bunnyAppearSound.mp3 in Resources */ = {isa = PBXBuildFile; fileRef = 989C2A312004294500C738BF /* bunnyAppearSound.mp3 */; };
		98CF9AB41FCD0736008A564D /* RequestProgressView.swift in Sources */ = {isa = PBXBuildFile; fileRef = 98CF9AB31FCD0736008A564D /* RequestProgressView.swift */; };
/* End PBXBuildFile section */

/* Begin PBXContainerItemProxy section */
		2438A6CD1F8584E800B76B59 /* PBXContainerItemProxy */ = {
			isa = PBXContainerItemProxy;
			containerPortal = 2438A6AE1F8584E800B76B59 /* Project object */;
			proxyType = 1;
			remoteGlobalIDString = 2438A6B51F8584E800B76B59;
			remoteInfo = capstoneApp;
		};
		2438A6D81F8584E800B76B59 /* PBXContainerItemProxy */ = {
			isa = PBXContainerItemProxy;
			containerPortal = 2438A6AE1F8584E800B76B59 /* Project object */;
			proxyType = 1;
			remoteGlobalIDString = 2438A6B51F8584E800B76B59;
			remoteInfo = capstoneApp;
		};
/* End PBXContainerItemProxy section */

/* Begin PBXFileReference section */
		240360C71FE0925F00F143E0 /* thoughtBubble.png */ = {isa = PBXFileReference; lastKnownFileType = image.png; path = thoughtBubble.png; sourceTree = "<group>"; };
		2438A6B91F8584E800B76B59 /* AppDelegate.swift */ = {isa = PBXFileReference; lastKnownFileType = sourcecode.swift; path = AppDelegate.swift; sourceTree = "<group>"; };
		2438A6BB1F8584E800B76B59 /* art.scnassets */ = {isa = PBXFileReference; lastKnownFileType = wrapper.scnassets; path = art.scnassets; sourceTree = "<group>"; };
		2438A6BD1F8584E800B76B59 /* GameViewController.swift */ = {isa = PBXFileReference; lastKnownFileType = sourcecode.swift; path = GameViewController.swift; sourceTree = "<group>"; };
		2438A6C21F8584E800B76B59 /* Assets.xcassets */ = {isa = PBXFileReference; lastKnownFileType = folder.assetcatalog; path = Assets.xcassets; sourceTree = "<group>"; };
		2438A6C51F8584E800B76B59 /* Base */ = {isa = PBXFileReference; lastKnownFileType = file.storyboard; name = Base; path = Base.lproj/LaunchScreen.storyboard; sourceTree = "<group>"; };
		2438A6C71F8584E800B76B59 /* Info.plist */ = {isa = PBXFileReference; lastKnownFileType = text.plist.xml; path = Info.plist; sourceTree = "<group>"; };
		2438A6D01F8584E800B76B59 /* capstoneAppTests.swift */ = {isa = PBXFileReference; lastKnownFileType = sourcecode.swift; path = capstoneAppTests.swift; sourceTree = "<group>"; };
		2438A6D21F8584E800B76B59 /* Info.plist */ = {isa = PBXFileReference; lastKnownFileType = text.plist.xml; path = Info.plist; sourceTree = "<group>"; };
		2438A6DB1F8584E800B76B59 /* capstoneAppUITests.swift */ = {isa = PBXFileReference; lastKnownFileType = sourcecode.swift; path = capstoneAppUITests.swift; sourceTree = "<group>"; };
		2438A6DD1F8584E800B76B59 /* Info.plist */ = {isa = PBXFileReference; lastKnownFileType = text.plist.xml; path = Info.plist; sourceTree = "<group>"; };
		2447D1401FB66AD800CB3F68 /* extensions.swift */ = {isa = PBXFileReference; lastKnownFileType = sourcecode.swift; path = extensions.swift; sourceTree = "<group>"; };
		2447D1621FB6794800CB3F68 /* Nunito  */ = {isa = PBXFileReference; lastKnownFileType = folder; path = "Nunito "; sourceTree = "<group>"; };
		2447D1641FB6796F00CB3F68 /* Nunito-Bold.ttf */ = {isa = PBXFileReference; lastKnownFileType = file; path = "Nunito-Bold.ttf"; sourceTree = "<group>"; };
		2447D16A1FB679C500CB3F68 /* Nunito-Regular.ttf */ = {isa = PBXFileReference; lastKnownFileType = file; path = "Nunito-Regular.ttf"; sourceTree = "<group>"; };
		2447D16C1FB679DE00CB3F68 /* Nunito-SemiBold.ttf */ = {isa = PBXFileReference; lastKnownFileType = file; path = "Nunito-SemiBold.ttf"; sourceTree = "<group>"; };
		245AA3531FA0021C0011F723 /* Foods.swift */ = {isa = PBXFileReference; lastKnownFileType = sourcecode.swift; path = Foods.swift; sourceTree = "<group>"; };
		248DE2481FCF51AF005E6057 /* Request.swift */ = {isa = PBXFileReference; lastKnownFileType = sourcecode.swift; path = Request.swift; sourceTree = "<group>"; };
		248DE24A1FDE0B2D005E6057 /* RequestHelper.swift */ = {isa = PBXFileReference; lastKnownFileType = sourcecode.swift; path = RequestHelper.swift; sourceTree = "<group>"; };
		24A2BD591F86981C00FD94A5 /* Object.swift */ = {isa = PBXFileReference; lastKnownFileType = sourcecode.swift; path = Object.swift; sourceTree = "<group>"; };
		98269CE7200E96D300EE9CB7 /* pop.mp3 */ = {isa = PBXFileReference; lastKnownFileType = audio.mp3; path = pop.mp3; sourceTree = "<group>"; };
		98269CE9200E96DE00EE9CB7 /* swoosh.mp3 */ = {isa = PBXFileReference; lastKnownFileType = audio.mp3; path = swoosh.mp3; sourceTree = "<group>"; };
		98269CF4200E9DA300EE9CB7 /* capstoneApp.app */ = {isa = PBXFileReference; explicitFileType = wrapper.application; includeInIndex = 0; path = capstoneApp.app; sourceTree = BUILT_PRODUCTS_DIR; };
		98269CF5200E9DA300EE9CB7 /* capstoneAppTests.xctest */ = {isa = PBXFileReference; explicitFileType = wrapper.cfbundle; includeInIndex = 0; path = capstoneAppTests.xctest; sourceTree = BUILT_PRODUCTS_DIR; };
		98269CF6200E9DA300EE9CB7 /* capstoneAppUITests.xctest */ = {isa = PBXFileReference; explicitFileType = wrapper.cfbundle; includeInIndex = 0; path = capstoneAppUITests.xctest; sourceTree = BUILT_PRODUCTS_DIR; };
		98269CF7200EAF1500EE9CB7 /* backgroundSong.mp3 */ = {isa = PBXFileReference; lastKnownFileType = audio.mp3; path = backgroundSong.mp3; sourceTree = "<group>"; };
		984C5B421F86BFBF0060D3FC /* HomeScreenViewController.swift */ = {isa = PBXFileReference; lastKnownFileType = sourcecode.swift; path = HomeScreenViewController.swift; sourceTree = "<group>"; };
		987D4735200D4F8D001CF8DC /* InstructionsView.swift */ = {isa = PBXFileReference; lastKnownFileType = sourcecode.swift; path = InstructionsView.swift; sourceTree = "<group>"; };
		989C2A2B20041D7000C738BF /* successSound.mp3 */ = {isa = PBXFileReference; lastKnownFileType = audio.mp3; path = successSound.mp3; sourceTree = "<group>"; };
		989C2A2D2004245E00C738BF /* mistakeSound.mp3 */ = {isa = PBXFileReference; lastKnownFileType = audio.mp3; path = mistakeSound.mp3; sourceTree = "<group>"; };
		989C2A312004294500C738BF /* bunnyAppearSound.mp3 */ = {isa = PBXFileReference; lastKnownFileType = audio.mp3; path = bunnyAppearSound.mp3; sourceTree = "<group>"; };
		98CF9AB31FCD0736008A564D /* RequestProgressView.swift */ = {isa = PBXFileReference; lastKnownFileType = sourcecode.swift; path = RequestProgressView.swift; sourceTree = "<group>"; };
/* End PBXFileReference section */

/* Begin PBXFrameworksBuildPhase section */
		2438A6B31F8584E800B76B59 /* Frameworks */ = {
			isa = PBXFrameworksBuildPhase;
			buildActionMask = 2147483647;
			files = (
			);
			runOnlyForDeploymentPostprocessing = 0;
		};
		2438A6C91F8584E800B76B59 /* Frameworks */ = {
			isa = PBXFrameworksBuildPhase;
			buildActionMask = 2147483647;
			files = (
			);
			runOnlyForDeploymentPostprocessing = 0;
		};
		2438A6D41F8584E800B76B59 /* Frameworks */ = {
			isa = PBXFrameworksBuildPhase;
			buildActionMask = 2147483647;
			files = (
			);
			runOnlyForDeploymentPostprocessing = 0;
		};
/* End PBXFrameworksBuildPhase section */

/* Begin PBXGroup section */
		2438A6AD1F8584E800B76B59 = {
			isa = PBXGroup;
			children = (
				2447D16C1FB679DE00CB3F68 /* Nunito-SemiBold.ttf */,
				2447D16A1FB679C500CB3F68 /* Nunito-Regular.ttf */,
				2447D1641FB6796F00CB3F68 /* Nunito-Bold.ttf */,
				2438A6B81F8584E800B76B59 /* capstoneApp */,
				2438A6CF1F8584E800B76B59 /* capstoneAppTests */,
				2438A6DA1F8584E800B76B59 /* capstoneAppUITests */,
				98269CF4200E9DA300EE9CB7 /* capstoneApp.app */,
				98269CF5200E9DA300EE9CB7 /* capstoneAppTests.xctest */,
				98269CF6200E9DA300EE9CB7 /* capstoneAppUITests.xctest */,
			);
			sourceTree = "<group>";
		};
		2438A6B81F8584E800B76B59 /* capstoneApp */ = {
			isa = PBXGroup;
			children = (
				245AA3531FA0021C0011F723 /* Foods.swift */,
				248DE2481FCF51AF005E6057 /* Request.swift */,
				248DE24A1FDE0B2D005E6057 /* RequestHelper.swift */,
				2438A6BD1F8584E800B76B59 /* GameViewController.swift */,
				24A2BD591F86981C00FD94A5 /* Object.swift */,
				984C5B421F86BFBF0060D3FC /* HomeScreenViewController.swift */,
				2438A6B91F8584E800B76B59 /* AppDelegate.swift */,
				98CF9AB31FCD0736008A564D /* RequestProgressView.swift */,
				987D4735200D4F8D001CF8DC /* InstructionsView.swift */,
				2447D1401FB66AD800CB3F68 /* extensions.swift */,
				2447D1621FB6794800CB3F68 /* Nunito  */,
				2438A6BB1F8584E800B76B59 /* art.scnassets */,
				2438A6C21F8584E800B76B59 /* Assets.xcassets */,
				240360C71FE0925F00F143E0 /* thoughtBubble.png */,
				98269CE7200E96D300EE9CB7 /* pop.mp3 */,
				98269CE9200E96DE00EE9CB7 /* swoosh.mp3 */,
				2438A6C41F8584E800B76B59 /* LaunchScreen.storyboard */,
				989C2A2D2004245E00C738BF /* mistakeSound.mp3 */,
				98269CF7200EAF1500EE9CB7 /* backgroundSong.mp3 */,
				989C2A312004294500C738BF /* bunnyAppearSound.mp3 */,
				989C2A2B20041D7000C738BF /* successSound.mp3 */,
				2438A6C71F8584E800B76B59 /* Info.plist */,
			);
			path = capstoneApp;
			sourceTree = "<group>";
		};
		2438A6CF1F8584E800B76B59 /* capstoneAppTests */ = {
			isa = PBXGroup;
			children = (
				2438A6D01F8584E800B76B59 /* capstoneAppTests.swift */,
				2438A6D21F8584E800B76B59 /* Info.plist */,
			);
			path = capstoneAppTests;
			sourceTree = "<group>";
		};
		2438A6DA1F8584E800B76B59 /* capstoneAppUITests */ = {
			isa = PBXGroup;
			children = (
				2438A6DB1F8584E800B76B59 /* capstoneAppUITests.swift */,
				2438A6DD1F8584E800B76B59 /* Info.plist */,
			);
			path = capstoneAppUITests;
			sourceTree = "<group>";
		};
/* End PBXGroup section */

/* Begin PBXNativeTarget section */
		2438A6B51F8584E800B76B59 /* capstoneApp */ = {
			isa = PBXNativeTarget;
			buildConfigurationList = 2438A6E01F8584E800B76B59 /* Build configuration list for PBXNativeTarget "capstoneApp" */;
			buildPhases = (
				2438A6B21F8584E800B76B59 /* Sources */,
				2438A6B31F8584E800B76B59 /* Frameworks */,
				2438A6B41F8584E800B76B59 /* Resources */,
			);
			buildRules = (
			);
			dependencies = (
			);
			name = capstoneApp;
			productName = capstoneApp;
			productReference = 98269CF4200E9DA300EE9CB7 /* capstoneApp.app */;
			productType = "com.apple.product-type.application";
		};
		2438A6CB1F8584E800B76B59 /* capstoneAppTests */ = {
			isa = PBXNativeTarget;
			buildConfigurationList = 2438A6E31F8584E800B76B59 /* Build configuration list for PBXNativeTarget "capstoneAppTests" */;
			buildPhases = (
				2438A6C81F8584E800B76B59 /* Sources */,
				2438A6C91F8584E800B76B59 /* Frameworks */,
				2438A6CA1F8584E800B76B59 /* Resources */,
			);
			buildRules = (
			);
			dependencies = (
				2438A6CE1F8584E800B76B59 /* PBXTargetDependency */,
			);
			name = capstoneAppTests;
			productName = capstoneAppTests;
			productReference = 98269CF5200E9DA300EE9CB7 /* capstoneAppTests.xctest */;
			productType = "com.apple.product-type.bundle.unit-test";
		};
		2438A6D61F8584E800B76B59 /* capstoneAppUITests */ = {
			isa = PBXNativeTarget;
			buildConfigurationList = 2438A6E61F8584E800B76B59 /* Build configuration list for PBXNativeTarget "capstoneAppUITests" */;
			buildPhases = (
				2438A6D31F8584E800B76B59 /* Sources */,
				2438A6D41F8584E800B76B59 /* Frameworks */,
				2438A6D51F8584E800B76B59 /* Resources */,
			);
			buildRules = (
			);
			dependencies = (
				2438A6D91F8584E800B76B59 /* PBXTargetDependency */,
			);
			name = capstoneAppUITests;
			productName = capstoneAppUITests;
			productReference = 98269CF6200E9DA300EE9CB7 /* capstoneAppUITests.xctest */;
			productType = "com.apple.product-type.bundle.ui-testing";
		};
/* End PBXNativeTarget section */

/* Begin PBXProject section */
		2438A6AE1F8584E800B76B59 /* Project object */ = {
			isa = PBXProject;
			attributes = {
				LastSwiftUpdateCheck = 0900;
				LastUpgradeCheck = 0900;
				ORGANIZATIONNAME = "Ana Merfu & Laura Douglas";
				TargetAttributes = {
					2438A6B51F8584E800B76B59 = {
						CreatedOnToolsVersion = 9.0;
						ProvisioningStyle = Automatic;
					};
					2438A6CB1F8584E800B76B59 = {
						CreatedOnToolsVersion = 9.0;
						ProvisioningStyle = Automatic;
						TestTargetID = 2438A6B51F8584E800B76B59;
					};
					2438A6D61F8584E800B76B59 = {
						CreatedOnToolsVersion = 9.0;
						ProvisioningStyle = Automatic;
						TestTargetID = 2438A6B51F8584E800B76B59;
					};
				};
			};
			buildConfigurationList = 2438A6B11F8584E800B76B59 /* Build configuration list for PBXProject "capstoneApp" */;
			compatibilityVersion = "Xcode 8.0";
			developmentRegion = en;
			hasScannedForEncodings = 0;
			knownRegions = (
				en,
				Base,
			);
			mainGroup = 2438A6AD1F8584E800B76B59;
			productRefGroup = 2438A6AD1F8584E800B76B59;
			projectDirPath = "";
			projectRoot = "";
			targets = (
				2438A6B51F8584E800B76B59 /* capstoneApp */,
				2438A6CB1F8584E800B76B59 /* capstoneAppTests */,
				2438A6D61F8584E800B76B59 /* capstoneAppUITests */,
			);
		};
/* End PBXProject section */

/* Begin PBXResourcesBuildPhase section */
		2438A6B41F8584E800B76B59 /* Resources */ = {
			isa = PBXResourcesBuildPhase;
			buildActionMask = 2147483647;
			files = (
				98269CF8200EAF1500EE9CB7 /* backgroundSong.mp3 in Resources */,
				989C2A2C20041D7000C738BF /* successSound.mp3 in Resources */,
				2447D16B1FB679C600CB3F68 /* Nunito-Regular.ttf in Resources */,
				989C2A322004294500C738BF /* bunnyAppearSound.mp3 in Resources */,
				98269CEA200E96DF00EE9CB7 /* swoosh.mp3 in Resources */,
				2447D1651FB6796F00CB3F68 /* Nunito-Bold.ttf in Resources */,
				2447D16D1FB679DE00CB3F68 /* Nunito-SemiBold.ttf in Resources */,
				98269CE8200E96D300EE9CB7 /* pop.mp3 in Resources */,
				2447D1631FB6794B00CB3F68 /* Nunito  in Resources */,
				989C2A2E2004245E00C738BF /* mistakeSound.mp3 in Resources */,
				2438A6BC1F8584E800B76B59 /* art.scnassets in Resources */,
				2438A6C61F8584E800B76B59 /* LaunchScreen.storyboard in Resources */,
				2438A6C31F8584E800B76B59 /* Assets.xcassets in Resources */,
			);
			runOnlyForDeploymentPostprocessing = 0;
		};
		2438A6CA1F8584E800B76B59 /* Resources */ = {
			isa = PBXResourcesBuildPhase;
			buildActionMask = 2147483647;
			files = (
			);
			runOnlyForDeploymentPostprocessing = 0;
		};
		2438A6D51F8584E800B76B59 /* Resources */ = {
			isa = PBXResourcesBuildPhase;
			buildActionMask = 2147483647;
			files = (
			);
			runOnlyForDeploymentPostprocessing = 0;
		};
/* End PBXResourcesBuildPhase section */

/* Begin PBXSourcesBuildPhase section */
		2438A6B21F8584E800B76B59 /* Sources */ = {
			isa = PBXSourcesBuildPhase;
			buildActionMask = 2147483647;
			files = (
				2438A6BE1F8584E800B76B59 /* GameViewController.swift in Sources */,
				987D4736200D4F8D001CF8DC /* InstructionsView.swift in Sources */,
				2447D1411FB66AD800CB3F68 /* extensions.swift in Sources */,
				248DE24B1FDE0B2D005E6057 /* RequestHelper.swift in Sources */,
				248DE2491FCF51AF005E6057 /* Request.swift in Sources */,
				245AA3541FA0021C0011F723 /* Foods.swift in Sources */,
				98CF9AB41FCD0736008A564D /* RequestProgressView.swift in Sources */,
				24A2BD5A1F86981C00FD94A5 /* Object.swift in Sources */,
				2438A6BA1F8584E800B76B59 /* AppDelegate.swift in Sources */,
				984C5B431F86BFBF0060D3FC /* HomeScreenViewController.swift in Sources */,
			);
			runOnlyForDeploymentPostprocessing = 0;
		};
		2438A6C81F8584E800B76B59 /* Sources */ = {
			isa = PBXSourcesBuildPhase;
			buildActionMask = 2147483647;
			files = (
				2438A6D11F8584E800B76B59 /* capstoneAppTests.swift in Sources */,
			);
			runOnlyForDeploymentPostprocessing = 0;
		};
		2438A6D31F8584E800B76B59 /* Sources */ = {
			isa = PBXSourcesBuildPhase;
			buildActionMask = 2147483647;
			files = (
				2438A6DC1F8584E800B76B59 /* capstoneAppUITests.swift in Sources */,
			);
			runOnlyForDeploymentPostprocessing = 0;
		};
/* End PBXSourcesBuildPhase section */

/* Begin PBXTargetDependency section */
		2438A6CE1F8584E800B76B59 /* PBXTargetDependency */ = {
			isa = PBXTargetDependency;
			target = 2438A6B51F8584E800B76B59 /* capstoneApp */;
			targetProxy = 2438A6CD1F8584E800B76B59 /* PBXContainerItemProxy */;
		};
		2438A6D91F8584E800B76B59 /* PBXTargetDependency */ = {
			isa = PBXTargetDependency;
			target = 2438A6B51F8584E800B76B59 /* capstoneApp */;
			targetProxy = 2438A6D81F8584E800B76B59 /* PBXContainerItemProxy */;
		};
/* End PBXTargetDependency section */

/* Begin PBXVariantGroup section */
		2438A6C41F8584E800B76B59 /* LaunchScreen.storyboard */ = {
			isa = PBXVariantGroup;
			children = (
				2438A6C51F8584E800B76B59 /* Base */,
			);
			name = LaunchScreen.storyboard;
			sourceTree = "<group>";
		};
/* End PBXVariantGroup section */

/* Begin XCBuildConfiguration section */
		2438A6DE1F8584E800B76B59 /* Debug */ = {
			isa = XCBuildConfiguration;
			buildSettings = {
				ALWAYS_SEARCH_USER_PATHS = NO;
				CLANG_ANALYZER_NONNULL = YES;
				CLANG_ANALYZER_NUMBER_OBJECT_CONVERSION = YES_AGGRESSIVE;
				CLANG_CXX_LANGUAGE_STANDARD = "gnu++14";
				CLANG_CXX_LIBRARY = "libc++";
				CLANG_ENABLE_MODULES = YES;
				CLANG_ENABLE_OBJC_ARC = YES;
				CLANG_WARN_BLOCK_CAPTURE_AUTORELEASING = YES;
				CLANG_WARN_BOOL_CONVERSION = YES;
				CLANG_WARN_COMMA = YES;
				CLANG_WARN_CONSTANT_CONVERSION = YES;
				CLANG_WARN_DIRECT_OBJC_ISA_USAGE = YES_ERROR;
				CLANG_WARN_DOCUMENTATION_COMMENTS = YES;
				CLANG_WARN_EMPTY_BODY = YES;
				CLANG_WARN_ENUM_CONVERSION = YES;
				CLANG_WARN_INFINITE_RECURSION = YES;
				CLANG_WARN_INT_CONVERSION = YES;
				CLANG_WARN_NON_LITERAL_NULL_CONVERSION = YES;
				CLANG_WARN_OBJC_LITERAL_CONVERSION = YES;
				CLANG_WARN_OBJC_ROOT_CLASS = YES_ERROR;
				CLANG_WARN_RANGE_LOOP_ANALYSIS = YES;
				CLANG_WARN_STRICT_PROTOTYPES = YES;
				CLANG_WARN_SUSPICIOUS_MOVE = YES;
				CLANG_WARN_UNGUARDED_AVAILABILITY = YES_AGGRESSIVE;
				CLANG_WARN_UNREACHABLE_CODE = YES;
				CLANG_WARN__DUPLICATE_METHOD_MATCH = YES;
				CODE_SIGN_IDENTITY = "iPhone Developer";
				COPY_PHASE_STRIP = NO;
				DEBUG_INFORMATION_FORMAT = dwarf;
				ENABLE_STRICT_OBJC_MSGSEND = YES;
				ENABLE_TESTABILITY = YES;
				GCC_C_LANGUAGE_STANDARD = gnu11;
				GCC_DYNAMIC_NO_PIC = NO;
				GCC_NO_COMMON_BLOCKS = YES;
				GCC_OPTIMIZATION_LEVEL = 0;
				GCC_PREPROCESSOR_DEFINITIONS = (
					"DEBUG=1",
					"$(inherited)",
				);
				GCC_WARN_64_TO_32_BIT_CONVERSION = YES;
				GCC_WARN_ABOUT_RETURN_TYPE = YES_ERROR;
				GCC_WARN_UNDECLARED_SELECTOR = YES;
				GCC_WARN_UNINITIALIZED_AUTOS = YES_AGGRESSIVE;
				GCC_WARN_UNUSED_FUNCTION = YES;
				GCC_WARN_UNUSED_VARIABLE = YES;
				IPHONEOS_DEPLOYMENT_TARGET = 11.0;
				MTL_ENABLE_DEBUG_INFO = YES;
				ONLY_ACTIVE_ARCH = YES;
				SDKROOT = iphoneos;
				SWIFT_ACTIVE_COMPILATION_CONDITIONS = DEBUG;
				SWIFT_OPTIMIZATION_LEVEL = "-Onone";
			};
			name = Debug;
		};
		2438A6DF1F8584E800B76B59 /* Release */ = {
			isa = XCBuildConfiguration;
			buildSettings = {
				ALWAYS_SEARCH_USER_PATHS = NO;
				CLANG_ANALYZER_NONNULL = YES;
				CLANG_ANALYZER_NUMBER_OBJECT_CONVERSION = YES_AGGRESSIVE;
				CLANG_CXX_LANGUAGE_STANDARD = "gnu++14";
				CLANG_CXX_LIBRARY = "libc++";
				CLANG_ENABLE_MODULES = YES;
				CLANG_ENABLE_OBJC_ARC = YES;
				CLANG_WARN_BLOCK_CAPTURE_AUTORELEASING = YES;
				CLANG_WARN_BOOL_CONVERSION = YES;
				CLANG_WARN_COMMA = YES;
				CLANG_WARN_CONSTANT_CONVERSION = YES;
				CLANG_WARN_DIRECT_OBJC_ISA_USAGE = YES_ERROR;
				CLANG_WARN_DOCUMENTATION_COMMENTS = YES;
				CLANG_WARN_EMPTY_BODY = YES;
				CLANG_WARN_ENUM_CONVERSION = YES;
				CLANG_WARN_INFINITE_RECURSION = YES;
				CLANG_WARN_INT_CONVERSION = YES;
				CLANG_WARN_NON_LITERAL_NULL_CONVERSION = YES;
				CLANG_WARN_OBJC_LITERAL_CONVERSION = YES;
				CLANG_WARN_OBJC_ROOT_CLASS = YES_ERROR;
				CLANG_WARN_RANGE_LOOP_ANALYSIS = YES;
				CLANG_WARN_STRICT_PROTOTYPES = YES;
				CLANG_WARN_SUSPICIOUS_MOVE = YES;
				CLANG_WARN_UNGUARDED_AVAILABILITY = YES_AGGRESSIVE;
				CLANG_WARN_UNREACHABLE_CODE = YES;
				CLANG_WARN__DUPLICATE_METHOD_MATCH = YES;
				CODE_SIGN_IDENTITY = "iPhone Developer";
				COPY_PHASE_STRIP = NO;
				DEBUG_INFORMATION_FORMAT = "dwarf-with-dsym";
				ENABLE_NS_ASSERTIONS = NO;
				ENABLE_STRICT_OBJC_MSGSEND = YES;
				GCC_C_LANGUAGE_STANDARD = gnu11;
				GCC_NO_COMMON_BLOCKS = YES;
				GCC_WARN_64_TO_32_BIT_CONVERSION = YES;
				GCC_WARN_ABOUT_RETURN_TYPE = YES_ERROR;
				GCC_WARN_UNDECLARED_SELECTOR = YES;
				GCC_WARN_UNINITIALIZED_AUTOS = YES_AGGRESSIVE;
				GCC_WARN_UNUSED_FUNCTION = YES;
				GCC_WARN_UNUSED_VARIABLE = YES;
				IPHONEOS_DEPLOYMENT_TARGET = 11.0;
				MTL_ENABLE_DEBUG_INFO = NO;
				SDKROOT = iphoneos;
				SWIFT_OPTIMIZATION_LEVEL = "-Owholemodule";
				VALIDATE_PRODUCT = YES;
			};
			name = Release;
		};
		2438A6E11F8584E800B76B59 /* Debug */ = {
			isa = XCBuildConfiguration;
			buildSettings = {
				ASSETCATALOG_COMPILER_APPICON_NAME = AppIcon;
				CODE_SIGN_IDENTITY = "iPhone Developer";
				"CODE_SIGN_IDENTITY[sdk=iphoneos*]" = "iPhone Developer";
				CODE_SIGN_STYLE = Automatic;
				DEVELOPMENT_TEAM = 9AWP7D85AR;
				INFOPLIST_FILE = capstoneApp/Info.plist;
				LD_RUNPATH_SEARCH_PATHS = "$(inherited) @executable_path/Frameworks";
				PRODUCT_BUNDLE_IDENTIFIER = Ana.capstoneApp;
				PRODUCT_NAME = "$(TARGET_NAME)";
				PROVISIONING_PROFILE_SPECIFIER = "";
				SWIFT_VERSION = 4.0;
				TARGETED_DEVICE_FAMILY = 1;
			};
			name = Debug;
		};
		2438A6E21F8584E800B76B59 /* Release */ = {
			isa = XCBuildConfiguration;
			buildSettings = {
				ASSETCATALOG_COMPILER_APPICON_NAME = AppIcon;
				CODE_SIGN_IDENTITY = "iPhone Developer";
				"CODE_SIGN_IDENTITY[sdk=iphoneos*]" = "iPhone Developer";
				CODE_SIGN_STYLE = Automatic;
				DEVELOPMENT_TEAM = 9AWP7D85AR;
				INFOPLIST_FILE = capstoneApp/Info.plist;
				LD_RUNPATH_SEARCH_PATHS = "$(inherited) @executable_path/Frameworks";
				PRODUCT_BUNDLE_IDENTIFIER = Ana.capstoneApp;
				PRODUCT_NAME = "$(TARGET_NAME)";
				PROVISIONING_PROFILE_SPECIFIER = "";
				SWIFT_VERSION = 4.0;
				TARGETED_DEVICE_FAMILY = 1;
			};
			name = Release;
		};
		2438A6E41F8584E800B76B59 /* Debug */ = {
			isa = XCBuildConfiguration;
			buildSettings = {
				ALWAYS_EMBED_SWIFT_STANDARD_LIBRARIES = YES;
				BUNDLE_LOADER = "$(TEST_HOST)";
				CODE_SIGN_STYLE = Automatic;
				INFOPLIST_FILE = capstoneAppTests/Info.plist;
				LD_RUNPATH_SEARCH_PATHS = "$(inherited) @executable_path/Frameworks @loader_path/Frameworks";
				PRODUCT_BUNDLE_IDENTIFIER = ALcapstone.capstoneAppTests;
				PRODUCT_NAME = "$(TARGET_NAME)";
				SWIFT_VERSION = 4.0;
				TARGETED_DEVICE_FAMILY = "1,2";
				TEST_HOST = "$(BUILT_PRODUCTS_DIR)/capstoneApp.app/capstoneApp";
			};
			name = Debug;
		};
		2438A6E51F8584E800B76B59 /* Release */ = {
			isa = XCBuildConfiguration;
			buildSettings = {
				ALWAYS_EMBED_SWIFT_STANDARD_LIBRARIES = YES;
				BUNDLE_LOADER = "$(TEST_HOST)";
				CODE_SIGN_STYLE = Automatic;
				INFOPLIST_FILE = capstoneAppTests/Info.plist;
				LD_RUNPATH_SEARCH_PATHS = "$(inherited) @executable_path/Frameworks @loader_path/Frameworks";
				PRODUCT_BUNDLE_IDENTIFIER = ALcapstone.capstoneAppTests;
				PRODUCT_NAME = "$(TARGET_NAME)";
				SWIFT_VERSION = 4.0;
				TARGETED_DEVICE_FAMILY = "1,2";
				TEST_HOST = "$(BUILT_PRODUCTS_DIR)/capstoneApp.app/capstoneApp";
			};
			name = Release;
		};
		2438A6E71F8584E800B76B59 /* Debug */ = {
			isa = XCBuildConfiguration;
			buildSettings = {
				ALWAYS_EMBED_SWIFT_STANDARD_LIBRARIES = YES;
				CODE_SIGN_STYLE = Automatic;
				INFOPLIST_FILE = capstoneAppUITests/Info.plist;
				LD_RUNPATH_SEARCH_PATHS = "$(inherited) @executable_path/Frameworks @loader_path/Frameworks";
				PRODUCT_BUNDLE_IDENTIFIER = ALcapstone.capstoneAppUITests;
				PRODUCT_NAME = "$(TARGET_NAME)";
				SWIFT_VERSION = 4.0;
				TARGETED_DEVICE_FAMILY = "1,2";
				TEST_TARGET_NAME = capstoneApp;
			};
			name = Debug;
		};
		2438A6E81F8584E800B76B59 /* Release */ = {
			isa = XCBuildConfiguration;
			buildSettings = {
				ALWAYS_EMBED_SWIFT_STANDARD_LIBRARIES = YES;
				CODE_SIGN_STYLE = Automatic;
				INFOPLIST_FILE = capstoneAppUITests/Info.plist;
				LD_RUNPATH_SEARCH_PATHS = "$(inherited) @executable_path/Frameworks @loader_path/Frameworks";
				PRODUCT_BUNDLE_IDENTIFIER = ALcapstone.capstoneAppUITests;
				PRODUCT_NAME = "$(TARGET_NAME)";
				SWIFT_VERSION = 4.0;
				TARGETED_DEVICE_FAMILY = "1,2";
				TEST_TARGET_NAME = capstoneApp;
			};
			name = Release;
		};
/* End XCBuildConfiguration section */

/* Begin XCConfigurationList section */
		2438A6B11F8584E800B76B59 /* Build configuration list for PBXProject "capstoneApp" */ = {
			isa = XCConfigurationList;
			buildConfigurations = (
				2438A6DE1F8584E800B76B59 /* Debug */,
				2438A6DF1F8584E800B76B59 /* Release */,
			);
			defaultConfigurationIsVisible = 0;
			defaultConfigurationName = Release;
		};
		2438A6E01F8584E800B76B59 /* Build configuration list for PBXNativeTarget "capstoneApp" */ = {
			isa = XCConfigurationList;
			buildConfigurations = (
				2438A6E11F8584E800B76B59 /* Debug */,
				2438A6E21F8584E800B76B59 /* Release */,
			);
			defaultConfigurationIsVisible = 0;
			defaultConfigurationName = Release;
		};
		2438A6E31F8584E800B76B59 /* Build configuration list for PBXNativeTarget "capstoneAppTests" */ = {
			isa = XCConfigurationList;
			buildConfigurations = (
				2438A6E41F8584E800B76B59 /* Debug */,
				2438A6E51F8584E800B76B59 /* Release */,
			);
			defaultConfigurationIsVisible = 0;
			defaultConfigurationName = Release;
		};
		2438A6E61F8584E800B76B59 /* Build configuration list for PBXNativeTarget "capstoneAppUITests" */ = {
			isa = XCConfigurationList;
			buildConfigurations = (
				2438A6E71F8584E800B76B59 /* Debug */,
				2438A6E81F8584E800B76B59 /* Release */,
			);
			defaultConfigurationIsVisible = 0;
			defaultConfigurationName = Release;
		};
/* End XCConfigurationList section */
	};
	rootObject = 2438A6AE1F8584E800B76B59 /* Project object */;
}
